// !$*UTF8*$!
{
	archiveVersion = 1;
	classes = {
	};
	objectVersion = 50;
	objects = {

/* Begin PBXBuildFile section */
		FAF89E3626BA8E5F00DFE49A /* AppDelegate.swift in Sources */ = {isa = PBXBuildFile; fileRef = FAF89E3526BA8E5F00DFE49A /* AppDelegate.swift */; };
		FAF89E3826BA8E5F00DFE49A /* SceneDelegate.swift in Sources */ = {isa = PBXBuildFile; fileRef = FAF89E3726BA8E5F00DFE49A /* SceneDelegate.swift */; };
		FAF89E3A26BA8E5F00DFE49A /* ContentView.swift in Sources */ = {isa = PBXBuildFile; fileRef = FAF89E3926BA8E5F00DFE49A /* ContentView.swift */; };
		FAF89E3C26BA8E6100DFE49A /* Assets.xcassets in Resources */ = {isa = PBXBuildFile; fileRef = FAF89E3B26BA8E6100DFE49A /* Assets.xcassets */; };
		FAF89E3F26BA8E6100DFE49A /* Preview Assets.xcassets in Resources */ = {isa = PBXBuildFile; fileRef = FAF89E3E26BA8E6100DFE49A /* Preview Assets.xcassets */; };
		FAF89E4226BA8E6100DFE49A /* LaunchScreen.storyboard in Resources */ = {isa = PBXBuildFile; fileRef = FAF89E4026BA8E6100DFE49A /* LaunchScreen.storyboard */; };
/* End PBXBuildFile section */

/* Begin PBXFileReference section */
		FAF89E3226BA8E5F00DFE49A /* UDDER.app */ = {isa = PBXFileReference; explicitFileType = wrapper.application; includeInIndex = 0; path = UDDER.app; sourceTree = BUILT_PRODUCTS_DIR; };
		FAF89E3526BA8E5F00DFE49A /* AppDelegate.swift */ = {isa = PBXFileReference; lastKnownFileType = sourcecode.swift; path = AppDelegate.swift; sourceTree = "<group>"; };
		FAF89E3726BA8E5F00DFE49A /* SceneDelegate.swift */ = {isa = PBXFileReference; lastKnownFileType = sourcecode.swift; path = SceneDelegate.swift; sourceTree = "<group>"; };
		FAF89E3926BA8E5F00DFE49A /* ContentView.swift */ = {isa = PBXFileReference; lastKnownFileType = sourcecode.swift; path = ContentView.swift; sourceTree = "<group>"; };
		FAF89E3B26BA8E6100DFE49A /* Assets.xcassets */ = {isa = PBXFileReference; lastKnownFileType = folder.assetcatalog; path = Assets.xcassets; sourceTree = "<group>"; };
		FAF89E3E26BA8E6100DFE49A /* Preview Assets.xcassets */ = {isa = PBXFileReference; lastKnownFileType = folder.assetcatalog; path = "Preview Assets.xcassets"; sourceTree = "<group>"; };
		FAF89E4126BA8E6100DFE49A /* Base */ = {isa = PBXFileReference; lastKnownFileType = file.storyboard; name = Base; path = Base.lproj/LaunchScreen.storyboard; sourceTree = "<group>"; };
		FAF89E4326BA8E6100DFE49A /* Info.plist */ = {isa = PBXFileReference; lastKnownFileType = text.plist.xml; path = Info.plist; sourceTree = "<group>"; };
/* End PBXFileReference section */

/* Begin PBXFrameworksBuildPhase section */
		FAF89E2F26BA8E5F00DFE49A /* Frameworks */ = {
			isa = PBXFrameworksBuildPhase;
			buildActionMask = 2147483647;
			files = (
			);
			runOnlyForDeploymentPostprocessing = 0;
		};
/* End PBXFrameworksBuildPhase section */

/* Begin PBXGroup section */
		FAF89E2926BA8E5F00DFE49A = {
			isa = PBXGroup;
			children = (
				FAF89E3426BA8E5F00DFE49A /* UDDER */,
				FAF89E3326BA8E5F00DFE49A /* Products */,
			);
			sourceTree = "<group>";
		};
		FAF89E3326BA8E5F00DFE49A /* Products */ = {
			isa = PBXGroup;
			children = (
				FAF89E3226BA8E5F00DFE49A /* UDDER.app */,
			);
			name = Products;
			sourceTree = "<group>";
		};
		FAF89E3426BA8E5F00DFE49A /* UDDER */ = {
			isa = PBXGroup;
			children = (
				FAF89E3526BA8E5F00DFE49A /* AppDelegate.swift */,
				FAF89E3726BA8E5F00DFE49A /* SceneDelegate.swift */,
				FAF89E3926BA8E5F00DFE49A /* ContentView.swift */,
				FAF89E3B26BA8E6100DFE49A /* Assets.xcassets */,
				FAF89E4026BA8E6100DFE49A /* LaunchScreen.storyboard */,
				FAF89E4326BA8E6100DFE49A /* Info.plist */,
				FAF89E3D26BA8E6100DFE49A /* Preview Content */,
			);
			path = UDDER;
			sourceTree = "<group>";
		};
		FAF89E3D26BA8E6100DFE49A /* Preview Content */ = {
			isa = PBXGroup;
			children = (
				FAF89E3E26BA8E6100DFE49A /* Preview Assets.xcassets */,
			);
			path = "Preview Content";
			sourceTree = "<group>";
		};
/* End PBXGroup section */

/* Begin PBXNativeTarget section */
		FAF89E3126BA8E5F00DFE49A /* UDDER */ = {
			isa = PBXNativeTarget;
			buildConfigurationList = FAF89E4626BA8E6100DFE49A /* Build configuration list for PBXNativeTarget "UDDER" */;
			buildPhases = (
				FAF89E2E26BA8E5F00DFE49A /* Sources */,
				FAF89E2F26BA8E5F00DFE49A /* Frameworks */,
				FAF89E3026BA8E5F00DFE49A /* Resources */,
			);
			buildRules = (
			);
			dependencies = (
			);
			name = UDDER;
			productName = UDDER;
			productReference = FAF89E3226BA8E5F00DFE49A /* UDDER.app */;
			productType = "com.apple.product-type.application";
		};
/* End PBXNativeTarget section */

/* Begin PBXProject section */
		FAF89E2A26BA8E5F00DFE49A /* Project object */ = {
			isa = PBXProject;
			attributes = {
				LastSwiftUpdateCheck = 1250;
				LastUpgradeCheck = 1250;
				TargetAttributes = {
					FAF89E3126BA8E5F00DFE49A = {
						CreatedOnToolsVersion = 12.5.1;
					};
				};
			};
			buildConfigurationList = FAF89E2D26BA8E5F00DFE49A /* Build configuration list for PBXProject "UDDER" */;
			compatibilityVersion = "Xcode 9.3";
			developmentRegion = en;
			hasScannedForEncodings = 0;
			knownRegions = (
				en,
				Base,
			);
			mainGroup = FAF89E2926BA8E5F00DFE49A;
			productRefGroup = FAF89E3326BA8E5F00DFE49A /* Products */;
			projectDirPath = "";
			projectRoot = "";
			targets = (
				FAF89E3126BA8E5F00DFE49A /* UDDER */,
			);
		};
/* End PBXProject section */

/* Begin PBXResourcesBuildPhase section */
		FAF89E3026BA8E5F00DFE49A /* Resources */ = {
			isa = PBXResourcesBuildPhase;
			buildActionMask = 2147483647;
			files = (
				FAF89E4226BA8E6100DFE49A /* LaunchScreen.storyboard in Resources */,
				FAF89E3F26BA8E6100DFE49A /* Preview Assets.xcassets in Resources */,
				FAF89E3C26BA8E6100DFE49A /* Assets.xcassets in Resources */,
			);
			runOnlyForDeploymentPostprocessing = 0;
		};
/* End PBXResourcesBuildPhase section */

/* Begin PBXSourcesBuildPhase section */
		FAF89E2E26BA8E5F00DFE49A /* Sources */ = {
			isa = PBXSourcesBuildPhase;
			buildActionMask = 2147483647;
			files = (
				FAF89E3626BA8E5F00DFE49A /* AppDelegate.swift in Sources */,
				FAF89E3826BA8E5F00DFE49A /* SceneDelegate.swift in Sources */,
				FAF89E3A26BA8E5F00DFE49A /* ContentView.swift in Sources */,
			);
			runOnlyForDeploymentPostprocessing = 0;
		};
/* End PBXSourcesBuildPhase section */

/* Begin PBXVariantGroup section */
		FAF89E4026BA8E6100DFE49A /* LaunchScreen.storyboard */ = {
			isa = PBXVariantGroup;
			children = (
				FAF89E4126BA8E6100DFE49A /* Base */,
			);
			name = LaunchScreen.storyboard;
			sourceTree = "<group>";
		};
/* End PBXVariantGroup section */

/* Begin XCBuildConfiguration section */
		FAF89E4426BA8E6100DFE49A /* Debug */ = {
			isa = XCBuildConfiguration;
			buildSettings = {
				ALWAYS_SEARCH_USER_PATHS = NO;
				CLANG_ANALYZER_NONNULL = YES;
				CLANG_ANALYZER_NUMBER_OBJECT_CONVERSION = YES_AGGRESSIVE;
				CLANG_CXX_LANGUAGE_STANDARD = "gnu++14";
				CLANG_CXX_LIBRARY = "libc++";
				CLANG_ENABLE_MODULES = YES;
				CLANG_ENABLE_OBJC_ARC = YES;
				CLANG_ENABLE_OBJC_WEAK = YES;
				CLANG_WARN_BLOCK_CAPTURE_AUTORELEASING = YES;
				CLANG_WARN_BOOL_CONVERSION = YES;
				CLANG_WARN_COMMA = YES;
				CLANG_WARN_CONSTANT_CONVERSION = YES;
				CLANG_WARN_DEPRECATED_OBJC_IMPLEMENTATIONS = YES;
				CLANG_WARN_DIRECT_OBJC_ISA_USAGE = YES_ERROR;
				CLANG_WARN_DOCUMENTATION_COMMENTS = YES;
				CLANG_WARN_EMPTY_BODY = YES;
				CLANG_WARN_ENUM_CONVERSION = YES;
				CLANG_WARN_INFINITE_RECURSION = YES;
				CLANG_WARN_INT_CONVERSION = YES;
				CLANG_WARN_NON_LITERAL_NULL_CONVERSION = YES;
				CLANG_WARN_OBJC_IMPLICIT_RETAIN_SELF = YES;
				CLANG_WARN_OBJC_LITERAL_CONVERSION = YES;
				CLANG_WARN_OBJC_ROOT_CLASS = YES_ERROR;
				CLANG_WARN_QUOTED_INCLUDE_IN_FRAMEWORK_HEADER = YES;
				CLANG_WARN_RANGE_LOOP_ANALYSIS = YES;
				CLANG_WARN_STRICT_PROTOTYPES = YES;
				CLANG_WARN_SUSPICIOUS_MOVE = YES;
				CLANG_WARN_UNGUARDED_AVAILABILITY = YES_AGGRESSIVE;
				CLANG_WARN_UNREACHABLE_CODE = YES;
				CLANG_WARN__DUPLICATE_METHOD_MATCH = YES;
				COPY_PHASE_STRIP = NO;
				DEBUG_INFORMATION_FORMAT = dwarf;
				ENABLE_STRICT_OBJC_MSGSEND = YES;
				ENABLE_TESTABILITY = YES;
				GCC_C_LANGUAGE_STANDARD = gnu11;
				GCC_DYNAMIC_NO_PIC = NO;
				GCC_NO_COMMON_BLOCKS = YES;
				GCC_OPTIMIZATION_LEVEL = 0;
				GCC_PREPROCESSOR_DEFINITIONS = (
					"DEBUG=1",
					"$(inherited)",
				);
				GCC_WARN_64_TO_32_BIT_CONVERSION = YES;
				GCC_WARN_ABOUT_RETURN_TYPE = YES_ERROR;
				GCC_WARN_UNDECLARED_SELECTOR = YES;
				GCC_WARN_UNINITIALIZED_AUTOS = YES_AGGRESSIVE;
				GCC_WARN_UNUSED_FUNCTION = YES;
				GCC_WARN_UNUSED_VARIABLE = YES;
				IPHONEOS_DEPLOYMENT_TARGET = 14.5;
				MTL_ENABLE_DEBUG_INFO = INCLUDE_SOURCE;
				MTL_FAST_MATH = YES;
				ONLY_ACTIVE_ARCH = YES;
				SDKROOT = iphoneos;
				SWIFT_ACTIVE_COMPILATION_CONDITIONS = DEBUG;
				SWIFT_OPTIMIZATION_LEVEL = "-Onone";
			};
			name = Debug;
		};
		FAF89E4526BA8E6100DFE49A /* Release */ = {
			isa = XCBuildConfiguration;
			buildSettings = {
				ALWAYS_SEARCH_USER_PATHS = NO;
				CLANG_ANALYZER_NONNULL = YES;
				CLANG_ANALYZER_NUMBER_OBJECT_CONVERSION = YES_AGGRESSIVE;
				CLANG_CXX_LANGUAGE_STANDARD = "gnu++14";
				CLANG_CXX_LIBRARY = "libc++";
				CLANG_ENABLE_MODULES = YES;
				CLANG_ENABLE_OBJC_ARC = YES;
				CLANG_ENABLE_OBJC_WEAK = YES;
				CLANG_WARN_BLOCK_CAPTURE_AUTORELEASING = YES;
				CLANG_WARN_BOOL_CONVERSION = YES;
				CLANG_WARN_COMMA = YES;
				CLANG_WARN_CONSTANT_CONVERSION = YES;
				CLANG_WARN_DEPRECATED_OBJC_IMPLEMENTATIONS = YES;
				CLANG_WARN_DIRECT_OBJC_ISA_USAGE = YES_ERROR;
				CLANG_WARN_DOCUMENTATION_COMMENTS = YES;
				CLANG_WARN_EMPTY_BODY = YES;
				CLANG_WARN_ENUM_CONVERSION = YES;
				CLANG_WARN_INFINITE_RECURSION = YES;
				CLANG_WARN_INT_CONVERSION = YES;
				CLANG_WARN_NON_LITERAL_NULL_CONVERSION = YES;
				CLANG_WARN_OBJC_IMPLICIT_RETAIN_SELF = YES;
				CLANG_WARN_OBJC_LITERAL_CONVERSION = YES;
				CLANG_WARN_OBJC_ROOT_CLASS = YES_ERROR;
				CLANG_WARN_QUOTED_INCLUDE_IN_FRAMEWORK_HEADER = YES;
				CLANG_WARN_RANGE_LOOP_ANALYSIS = YES;
				CLANG_WARN_STRICT_PROTOTYPES = YES;
				CLANG_WARN_SUSPICIOUS_MOVE = YES;
				CLANG_WARN_UNGUARDED_AVAILABILITY = YES_AGGRESSIVE;
				CLANG_WARN_UNREACHABLE_CODE = YES;
				CLANG_WARN__DUPLICATE_METHOD_MATCH = YES;
				COPY_PHASE_STRIP = NO;
				DEBUG_INFORMATION_FORMAT = "dwarf-with-dsym";
				ENABLE_NS_ASSERTIONS = NO;
				ENABLE_STRICT_OBJC_MSGSEND = YES;
				GCC_C_LANGUAGE_STANDARD = gnu11;
				GCC_NO_COMMON_BLOCKS = YES;
				GCC_WARN_64_TO_32_BIT_CONVERSION = YES;
				GCC_WARN_ABOUT_RETURN_TYPE = YES_ERROR;
				GCC_WARN_UNDECLARED_SELECTOR = YES;
				GCC_WARN_UNINITIALIZED_AUTOS = YES_AGGRESSIVE;
				GCC_WARN_UNUSED_FUNCTION = YES;
				GCC_WARN_UNUSED_VARIABLE = YES;
				IPHONEOS_DEPLOYMENT_TARGET = 14.5;
				MTL_ENABLE_DEBUG_INFO = NO;
				MTL_FAST_MATH = YES;
				SDKROOT = iphoneos;
				SWIFT_COMPILATION_MODE = wholemodule;
				SWIFT_OPTIMIZATION_LEVEL = "-O";
				VALIDATE_PRODUCT = YES;
			};
			name = Release;
		};
		FAF89E4726BA8E6100DFE49A /* Debug */ = {
			isa = XCBuildConfiguration;
			buildSettings = {
				ASSETCATALOG_COMPILER_APPICON_NAME = AppIcon;
				ASSETCATALOG_COMPILER_GLOBAL_ACCENT_COLOR_NAME = AccentColor;
				CODE_SIGN_STYLE = Automatic;
				DEVELOPMENT_ASSET_PATHS = "\"UDDER/Preview Content\"";
				DEVELOPMENT_TEAM = B7GDMPRYQS;
				ENABLE_PREVIEWS = YES;
				INFOPLIST_FILE = UDDER/Info.plist;
				LD_RUNPATH_SEARCH_PATHS = (
					"$(inherited)",
					"@executable_path/Frameworks",
				);
				PRODUCT_BUNDLE_IDENTIFIER = ru.crtx.UDDER;
				PRODUCT_NAME = "$(TARGET_NAME)";
				SWIFT_VERSION = 5.0;
				TARGETED_DEVICE_FAMILY = "1,2";
			};
			name = Debug;
		};
		FAF89E4826BA8E6100DFE49A /* Release */ = {
			isa = XCBuildConfiguration;
			buildSettings = {
				ASSETCATALOG_COMPILER_APPICON_NAME = AppIcon;
				ASSETCATALOG_COMPILER_GLOBAL_ACCENT_COLOR_NAME = AccentColor;
				CODE_SIGN_STYLE = Automatic;
				DEVELOPMENT_ASSET_PATHS = "\"UDDER/Preview Content\"";
				DEVELOPMENT_TEAM = B7GDMPRYQS;
				ENABLE_PREVIEWS = YES;
				INFOPLIST_FILE = UDDER/Info.plist;
				LD_RUNPATH_SEARCH_PATHS = (
					"$(inherited)",
					"@executable_path/Frameworks",
				);
				PRODUCT_BUNDLE_IDENTIFIER = ru.crtx.UDDER;
				PRODUCT_NAME = "$(TARGET_NAME)";
				SWIFT_VERSION = 5.0;
				TARGETED_DEVICE_FAMILY = "1,2";
			};
			name = Release;
		};
/* End XCBuildConfiguration section */

/* Begin XCConfigurationList section */
		FAF89E2D26BA8E5F00DFE49A /* Build configuration list for PBXProject "UDDER" */ = {
			isa = XCConfigurationList;
			buildConfigurations = (
				FAF89E4426BA8E6100DFE49A /* Debug */,
				FAF89E4526BA8E6100DFE49A /* Release */,
			);
			defaultConfigurationIsVisible = 0;
			defaultConfigurationName = Release;
		};
		FAF89E4626BA8E6100DFE49A /* Build configuration list for PBXNativeTarget "UDDER" */ = {
			isa = XCConfigurationList;
			buildConfigurations = (
				FAF89E4726BA8E6100DFE49A /* Debug */,
				FAF89E4826BA8E6100DFE49A /* Release */,
			);
			defaultConfigurationIsVisible = 0;
			defaultConfigurationName = Release;
		};
/* End XCConfigurationList section */
	};
	rootObject = FAF89E2A26BA8E5F00DFE49A /* Project object */;
}
